
Microsoft Visual Studio Solution File, Format Version 12.00
# Visual Studio Version 17
VisualStudioVersion = 17.1.32210.238
MinimumVisualStudioVersion = 10.0.40219.1
Project("{FAE04EC0-301F-11D3-BF4B-00C04F79EFBC}") = "Query01", "Query01\Query01.csproj", "{532A949F-920C-448D-B54B-1AD9A3228F84}"
EndProject
Global
	GlobalSection(SolutionConfigurationPlatforms) = preSolution
		Debug|Any CPU = Debug|Any CPU
		Release|Any CPU = Release|Any CPU
	EndGlobalSection
	GlobalSection(ProjectConfigurationPlatforms) = postSolution
		{532A949F-920C-448D-B54B-1AD9A3228F84}.Debug|Any CPU.ActiveCfg = Debug|Any CPU
		{532A949F-920C-448D-B54B-1AD9A3228F84}.Debug|Any CPU.Build.0 = Debug|Any CPU
		{532A949F-920C-448D-B54B-1AD9A3228F84}.Release|Any CPU.ActiveCfg = Release|Any CPU
		{532A949F-920C-448D-B54B-1AD9A3228F84}.Release|Any CPU.Build.0 = Release|Any CPU
	EndGlobalSection
	GlobalSection(SolutionProperties) = preSolution
		HideSolutionNode = FALSE
	EndGlobalSection
	GlobalSection(ExtensibilityGlobals) = postSolution
		SolutionGuid = {3C0C6CF4-F665-474F-9B62-C23DC96549B1}
	EndGlobalSection
EndGlobal
